{
  "name": "pipeline",
  "version": "1.0.0",
  "lockfileVersion": 3,
  "requires": true,
  "packages": {
    "": {
      "name": "pipeline",
      "version": "1.0.0",
      "license": "MIT",
      "dependencies": {
        "pactum": "^3.7.1"
      }
    },
    "node_modules/@arr/every": {
      "version": "1.0.1",
      "resolved": "https://registry.npmjs.org/@arr/every/-/every-1.0.1.tgz",
      "integrity": "sha512-UQFQ6SgyJ6LX42W8rHCs8KVc0JS0tzVL9ct4XYedJukskYVWTo49tNiMEK9C2HTyarbNiT/RVIRSY82vH+6sTg==",
      "engines": {
        "node": ">=4"
      }
    },
    "node_modules/@exodus/schemasafe": {
      "version": "1.3.0",
      "resolved": "https://registry.npmjs.org/@exodus/schemasafe/-/schemasafe-1.3.0.tgz",
      "integrity": "sha512-5Aap/GaRupgNx/feGBwLLTVv8OQFfv3pq2lPRzPg9R+IOBnDgghTGW7l7EuVXOvg5cc/xSAlRW8rBrjIC3Nvqw=="
    },
    "node_modules/@polka/url": {
      "version": "0.5.0",
      "resolved": "https://registry.npmjs.org/@polka/url/-/url-0.5.0.tgz",
      "integrity": "sha512-oZLYFEAzUKyi3SKnXvj32ZCEGH6RDnao7COuCVhDydMS9NrCSVXhM79VaKyP5+Zc33m0QXEd2DN3UkU7OsHcfw=="
    },
    "node_modules/asynckit": {
      "version": "0.4.0",
      "resolved": "https://registry.npmjs.org/asynckit/-/asynckit-0.4.0.tgz",
      "integrity": "sha512-Oei9OH4tRh0YqU3GxhX79dM/mwVgvbZJaSNaRk+bshkj0S5cfHcgYakreBjrHwatXKbz+IoIdYLxrKim2MjW0Q=="
    },
    "node_modules/centra": {
      "version": "2.7.0",
      "resolved": "https://registry.npmjs.org/centra/-/centra-2.7.0.tgz",
      "integrity": "sha512-PbFMgMSrmgx6uxCdm57RUos9Tc3fclMvhLSATYN39XsDV29B89zZ3KA89jmY0vwSGazyU+uerqwa6t+KaodPcg==",
      "dependencies": {
        "follow-redirects": "^1.15.6"
      }
    },
    "node_modules/combined-stream": {
      "version": "1.0.8",
      "resolved": "https://registry.npmjs.org/combined-stream/-/combined-stream-1.0.8.tgz",
      "integrity": "sha512-FQN4MRfuJeHf7cBbBMJFXhKSDq+2kAArBlmRBvcvFE5BB1HZKXtSFASDhdlz9zOYwxh8lDdnvmMOe/+5cdoEdg==",
      "dependencies": {
        "delayed-stream": "~1.0.0"
      },
      "engines": {
        "node": ">= 0.8"
      }
    },
    "node_modules/deep-override": {
      "version": "1.0.2",
      "resolved": "https://registry.npmjs.org/deep-override/-/deep-override-1.0.2.tgz",
      "integrity": "sha512-+bAuLuYqaVVUWPaq8rmU8NLTX85p4I5k5/cVdhBioEfH7k+5NlGdv4NoJVQcJRByqzzTWWzTpih+pU1wBTmMow=="
    },
    "node_modules/delayed-stream": {
      "version": "1.0.0",
      "resolved": "https://registry.npmjs.org/delayed-stream/-/delayed-stream-1.0.0.tgz",
      "integrity": "sha512-ZySD7Nf91aLB0RxL4KGrKHBXl7Eds1DAmEdcoVawXnLD7SDhpNgtuII2aAkg7a7QS41jxPSZ17p4VdGnMHk3MQ==",
      "engines": {
        "node": ">=0.4.0"
      }
    },
    "node_modules/follow-redirects": {
      "version": "1.15.6",
      "resolved": "https://registry.npmjs.org/follow-redirects/-/follow-redirects-1.15.6.tgz",
      "integrity": "sha512-wWN62YITEaOpSK584EZXJafH1AGpO8RVgElfkuXbTOrPX4fIfOyEpW/CsiNd8JdYrAoOvafRTOEnvsO++qCqFA==",
      "funding": [
        {
          "type": "individual",
          "url": "https://github.com/sponsors/RubenVerborgh"
        }
      ],
      "engines": {
        "node": ">=4.0"
      },
      "peerDependenciesMeta": {
        "debug": {
          "optional": true
        }
      }
    },
    "node_modules/form-data-lite": {
      "version": "1.0.3",
      "resolved": "https://registry.npmjs.org/form-data-lite/-/form-data-lite-1.0.3.tgz",
      "integrity": "sha512-P7xPqAiOPKzC9Q9aywAZJCQq4QOE5WokPb3HrcWRh7C57RKytueJzoORZAVgHBNvK/lL7E+FxjQjd4X/zbecEQ==",
      "dependencies": {
        "asynckit": "^0.4.0",
        "combined-stream": "^1.0.8",
        "mime-lite": "^1.0.3"
      }
    },
    "node_modules/json-query": {
      "version": "2.2.2",
      "resolved": "https://registry.npmjs.org/json-query/-/json-query-2.2.2.tgz",
      "integrity": "sha512-y+IcVZSdqNmS4fO8t1uZF6RMMs0xh3SrTjJr9bp1X3+v0Q13+7Cyv12dSmKwDswp/H427BVtpkLWhGxYu3ZWRA==",
      "engines": {
        "node": "*"
      }
    },
    "node_modules/klona": {
      "version": "2.0.6",
      "resolved": "https://registry.npmjs.org/klona/-/klona-2.0.6.tgz",
      "integrity": "sha512-dhG34DXATL5hSxJbIexCft8FChFXtmskoZYnoPWjXQuebWYCNkVeV3KkGegCK9CP1oswI/vQibS2GY7Em/sJJA==",
      "engines": {
        "node": ">= 8"
      }
    },
    "node_modules/lightcookie": {
      "version": "1.0.25",
      "resolved": "https://registry.npmjs.org/lightcookie/-/lightcookie-1.0.25.tgz",
      "integrity": "sha512-SrY/+eBPaKAMnsn7mCsoOMZzoQyCyHHHZlFCu2fjo28XxSyCLjlooKiTxyrXTg8NPaHp1YzWi0lcGG1gDi6KHw==",
      "deprecated": "Package no longer supported. Contact Support at https://www.npmjs.com/support for more info."
    },
    "node_modules/matchit": {
      "version": "1.1.0",
      "resolved": "https://registry.npmjs.org/matchit/-/matchit-1.1.0.tgz",
      "integrity": "sha512-+nGYoOlfHmxe5BW5tE0EMJppXEwdSf8uBA1GTZC7Q77kbT35+VKLYJMzVNWCHSsga1ps1tPYFtFyvxvKzWVmMA==",
      "dependencies": {
        "@arr/every": "^1.0.0"
      },
      "engines": {
        "node": ">=6"
      }
    },
    "node_modules/mime-lite": {
      "version": "1.0.3",
      "resolved": "https://registry.npmjs.org/mime-lite/-/mime-lite-1.0.3.tgz",
      "integrity": "sha512-V85l97zJSTG8FEvmdTlmNYb0UMrVBwvRjw7bWTf/aT6KjFwtz3iTz8D2tuFIp7lwiaO2C5ecnrEmSkkMRCrqVw=="
    },
    "node_modules/openapi-fuzzer-core": {
      "version": "1.0.6",
      "resolved": "https://registry.npmjs.org/openapi-fuzzer-core/-/openapi-fuzzer-core-1.0.6.tgz",
      "integrity": "sha512-FJNJIfgUFuv4NmVGq9MYdoKra2GrkDy2uhIjE2YGlw30UA1glf4SXLMhI4UwdcJ8jisKdIxi7lXrfej8GvNW5w==",
      "dependencies": {
        "klona": "^2.0.4"
      }
    },
    "node_modules/pactum": {
      "version": "3.7.1",
      "resolved": "https://registry.npmjs.org/pactum/-/pactum-3.7.1.tgz",
      "integrity": "sha512-r+R1dMy2MfRCQpAHohMyICusiMz14t0E+bhnLDScl2x4lXJKQAvQUGV/WWKUUxN2DS0Jdm0PUj6KjblfcSk1GA==",
      "dependencies": {
        "@exodus/schemasafe": "^1.3.0",
        "deep-override": "^1.0.2",
        "form-data-lite": "^1.0.3",
        "json-query": "^2.2.2",
        "klona": "^2.0.6",
        "lightcookie": "^1.0.25",
        "openapi-fuzzer-core": "^1.0.6",
        "pactum-matchers": "^1.1.7",
        "parse-graphql": "^1.0.0",
        "phin": "^3.7.0",
        "polka": "^0.5.2"
      },
      "engines": {
        "node": ">=10"
      }
    },
    "node_modules/pactum-matchers": {
      "version": "1.1.7",
      "resolved": "https://registry.npmjs.org/pactum-matchers/-/pactum-matchers-1.1.7.tgz",
      "integrity": "sha512-RqwewcUje6vhcYQGbPfdSXkcp/Vtwn4WmmTWLSmqp0CGxBroCEqRg3JMIjkjQTZCd2VmG+tTcQw+n4P/iuqv3Q=="
    },
    "node_modules/parse-graphql": {
      "version": "1.0.0",
      "resolved": "https://registry.npmjs.org/parse-graphql/-/parse-graphql-1.0.0.tgz",
      "integrity": "sha512-NjvQHHaiPCxPZrhm/kKnorxOv7r/eA+tE0VW5E8iJMH9wTqFA1V0YK/7nbpxVu3JdXUxyWTKMez9lsHUtAwa0w=="
    },
    "node_modules/phin": {
      "version": "3.7.1",
      "resolved": "https://registry.npmjs.org/phin/-/phin-3.7.1.tgz",
      "integrity": "sha512-GEazpTWwTZaEQ9RhL7Nyz0WwqilbqgLahDM3D0hxWwmVDI52nXEybHqiN6/elwpkJBhcuj+WbBu+QfT0uhPGfQ==",
      "dependencies": {
        "centra": "^2.7.0"
      },
      "engines": {
        "node": ">= 8"
      }
    },
    "node_modules/polka": {
      "version": "0.5.2",
      "resolved": "https://registry.npmjs.org/polka/-/polka-0.5.2.tgz",
      "integrity": "sha512-FVg3vDmCqP80tOrs+OeNlgXYmFppTXdjD5E7I4ET1NjvtNmQrb1/mJibybKkb/d4NA7YWAr1ojxuhpL3FHqdlw==",
      "dependencies": {
        "@polka/url": "^0.5.0",
        "trouter": "^2.0.1"
      }
    },
    "node_modules/trouter": {
      "version": "2.0.1",
      "resolved": "https://registry.npmjs.org/trouter/-/trouter-2.0.1.tgz",
      "integrity": "sha512-kr8SKKw94OI+xTGOkfsvwZQ8mWoikZDd2n8XZHjJVZUARZT+4/VV6cacRS6CLsH9bNm+HFIPU1Zx4CnNnb4qlQ==",
      "dependencies": {
        "matchit": "^1.0.0"
      },
      "engines": {
        "node": ">=6"
      }
    }
  }
}
